
Microsoft Visual Studio Solution File, Format Version 12.00
# Visual Studio Version 16
VisualStudioVersion = 16.0.29102.190
MinimumVisualStudioVersion = 10.0.40219.1
Project("{FAE04EC0-301F-11D3-BF4B-00C04F79EFBC}") = "Ex 6A Solorzano", "Ex 6A Solorzano.csproj", "{70AA89F4-7F8B-4CEF-AD57-04310A91940C}"
EndProject
Global
	GlobalSection(SolutionConfigurationPlatforms) = preSolution
		Debug|Any CPU = Debug|Any CPU
		Release|Any CPU = Release|Any CPU
	EndGlobalSection
	GlobalSection(ProjectConfigurationPlatforms) = postSolution
		{70AA89F4-7F8B-4CEF-AD57-04310A91940C}.Debug|Any CPU.ActiveCfg = Debug|Any CPU
		{70AA89F4-7F8B-4CEF-AD57-04310A91940C}.Debug|Any CPU.Build.0 = Debug|Any CPU
		{70AA89F4-7F8B-4CEF-AD57-04310A91940C}.Release|Any CPU.ActiveCfg = Release|Any CPU
		{70AA89F4-7F8B-4CEF-AD57-04310A91940C}.Release|Any CPU.Build.0 = Release|Any CPU
	EndGlobalSection
	GlobalSection(SolutionProperties) = preSolution
		HideSolutionNode = FALSE
	EndGlobalSection
	GlobalSection(ExtensibilityGlobals) = postSolution
		SolutionGuid = {774FB1D5-D931-45C8-98EF-E98F37F54268}
	EndGlobalSection
EndGlobal
